
Microsoft Visual Studio Solution File, Format Version 12.00
# Visual Studio 14
VisualStudioVersion = 14.0.24720.0
MinimumVisualStudioVersion = 10.0.40219.1
Project("{F184B08F-C81C-45F6-A57F-5ABD9991F28F}") = "QLNT_GUI", "QLNT_GUI\QLNT_GUI.vbproj", "{856561A3-C942-4344-A1D9-567BC1D1EE86}"
EndProject
Project("{F184B08F-C81C-45F6-A57F-5ABD9991F28F}") = "QLNT_DAL", "QLNT_DAL\QLNT_DAL.vbproj", "{6A02F290-0E34-46B1-83A7-4B577DF51801}"
EndProject
Project("{F184B08F-C81C-45F6-A57F-5ABD9991F28F}") = "QLNT_DTO", "QLNT_DTO\QLNT_DTO.vbproj", "{7E3EBF5A-B788-48C5-A959-D66688DFB115}"
EndProject
Project("{F184B08F-C81C-45F6-A57F-5ABD9991F28F}") = "QLNT_BUS", "QLNT_BUS\QLNT_BUS.vbproj", "{0CB3B9A6-4443-46A3-9EB9-F23C5EE1A7DC}"
EndProject
Project("{F184B08F-C81C-45F6-A57F-5ABD9991F28F}") = "Utility", "Utility\Utility.vbproj", "{865C64EF-C416-4AA8-9A29-360D615CEE77}"
EndProject
Global
	GlobalSection(SolutionConfigurationPlatforms) = preSolution
		Debug|Any CPU = Debug|Any CPU
		Release|Any CPU = Release|Any CPU
	EndGlobalSection
	GlobalSection(ProjectConfigurationPlatforms) = postSolution
		{856561A3-C942-4344-A1D9-567BC1D1EE86}.Debug|Any CPU.ActiveCfg = Debug|Any CPU
		{856561A3-C942-4344-A1D9-567BC1D1EE86}.Debug|Any CPU.Build.0 = Debug|Any CPU
		{856561A3-C942-4344-A1D9-567BC1D1EE86}.Release|Any CPU.ActiveCfg = Release|Any CPU
		{856561A3-C942-4344-A1D9-567BC1D1EE86}.Release|Any CPU.Build.0 = Release|Any CPU
		{6A02F290-0E34-46B1-83A7-4B577DF51801}.Debug|Any CPU.ActiveCfg = Debug|Any CPU
		{6A02F290-0E34-46B1-83A7-4B577DF51801}.Debug|Any CPU.Build.0 = Debug|Any CPU
		{6A02F290-0E34-46B1-83A7-4B577DF51801}.Release|Any CPU.ActiveCfg = Release|Any CPU
		{6A02F290-0E34-46B1-83A7-4B577DF51801}.Release|Any CPU.Build.0 = Release|Any CPU
		{7E3EBF5A-B788-48C5-A959-D66688DFB115}.Debug|Any CPU.ActiveCfg = Debug|Any CPU
		{7E3EBF5A-B788-48C5-A959-D66688DFB115}.Debug|Any CPU.Build.0 = Debug|Any CPU
		{7E3EBF5A-B788-48C5-A959-D66688DFB115}.Release|Any CPU.ActiveCfg = Release|Any CPU
		{7E3EBF5A-B788-48C5-A959-D66688DFB115}.Release|Any CPU.Build.0 = Release|Any CPU
		{0CB3B9A6-4443-46A3-9EB9-F23C5EE1A7DC}.Debug|Any CPU.ActiveCfg = Debug|Any CPU
		{0CB3B9A6-4443-46A3-9EB9-F23C5EE1A7DC}.Debug|Any CPU.Build.0 = Debug|Any CPU
		{0CB3B9A6-4443-46A3-9EB9-F23C5EE1A7DC}.Release|Any CPU.ActiveCfg = Release|Any CPU
		{0CB3B9A6-4443-46A3-9EB9-F23C5EE1A7DC}.Release|Any CPU.Build.0 = Release|Any CPU
		{865C64EF-C416-4AA8-9A29-360D615CEE77}.Debug|Any CPU.ActiveCfg = Debug|Any CPU
		{865C64EF-C416-4AA8-9A29-360D615CEE77}.Debug|Any CPU.Build.0 = Debug|Any CPU
		{865C64EF-C416-4AA8-9A29-360D615CEE77}.Release|Any CPU.ActiveCfg = Release|Any CPU
		{865C64EF-C416-4AA8-9A29-360D615CEE77}.Release|Any CPU.Build.0 = Release|Any CPU
	EndGlobalSection
	GlobalSection(SolutionProperties) = preSolution
		HideSolutionNode = FALSE
	EndGlobalSection
EndGlobal
